
Microsoft Visual Studio Solution File, Format Version 12.00
# Visual Studio 14
VisualStudioVersion = 14.0.25420.1
MinimumVisualStudioVersion = 10.0.40219.1
Project("{FAE04EC0-301F-11D3-BF4B-00C04F79EFBC}") = "Blog.GrenitausConsulting.Web.Api", "Blog.GrenitausConsulting.Web.Api\Blog.GrenitausConsulting.Web.Api.csproj", "{E5128A75-ED98-4CC4-AEDA-BC83E5144E4D}"
EndProject
Project("{FAE04EC0-301F-11D3-BF4B-00C04F79EFBC}") = "Blog.GrenitausConsulting.Domain", "Blog.GrenitausConsulting.Domain\Blog.GrenitausConsulting.Domain.csproj", "{D43B385B-AD97-4A94-86D2-3931375AFD4C}"
EndProject
Project("{FAE04EC0-301F-11D3-BF4B-00C04F79EFBC}") = "Blog.GrenitausConsulting.Services", "Blog.GrenitausConsulting.Services\Blog.GrenitausConsulting.Services.csproj", "{33B4818F-014E-4D9B-A811-A97C63E7517F}"
EndProject
Project("{FAE04EC0-301F-11D3-BF4B-00C04F79EFBC}") = "Blog.GrenitausConsulting.Unit.Tests", "Blog.GrenitausConsulting.Unit.Tests\Blog.GrenitausConsulting.Unit.Tests.csproj", "{94266669-21A8-4586-85A6-69DD97321A9E}"
EndProject
Global
	GlobalSection(SolutionConfigurationPlatforms) = preSolution
		Debug|Any CPU = Debug|Any CPU
		Release|Any CPU = Release|Any CPU
	EndGlobalSection
	GlobalSection(ProjectConfigurationPlatforms) = postSolution
		{E5128A75-ED98-4CC4-AEDA-BC83E5144E4D}.Debug|Any CPU.ActiveCfg = Debug|Any CPU
		{E5128A75-ED98-4CC4-AEDA-BC83E5144E4D}.Debug|Any CPU.Build.0 = Debug|Any CPU
		{E5128A75-ED98-4CC4-AEDA-BC83E5144E4D}.Release|Any CPU.ActiveCfg = Release|Any CPU
		{E5128A75-ED98-4CC4-AEDA-BC83E5144E4D}.Release|Any CPU.Build.0 = Release|Any CPU
		{D43B385B-AD97-4A94-86D2-3931375AFD4C}.Debug|Any CPU.ActiveCfg = Debug|Any CPU
		{D43B385B-AD97-4A94-86D2-3931375AFD4C}.Debug|Any CPU.Build.0 = Debug|Any CPU
		{D43B385B-AD97-4A94-86D2-3931375AFD4C}.Release|Any CPU.ActiveCfg = Release|Any CPU
		{D43B385B-AD97-4A94-86D2-3931375AFD4C}.Release|Any CPU.Build.0 = Release|Any CPU
		{33B4818F-014E-4D9B-A811-A97C63E7517F}.Debug|Any CPU.ActiveCfg = Debug|Any CPU
		{33B4818F-014E-4D9B-A811-A97C63E7517F}.Debug|Any CPU.Build.0 = Debug|Any CPU
		{33B4818F-014E-4D9B-A811-A97C63E7517F}.Release|Any CPU.ActiveCfg = Release|Any CPU
		{33B4818F-014E-4D9B-A811-A97C63E7517F}.Release|Any CPU.Build.0 = Release|Any CPU
		{94266669-21A8-4586-85A6-69DD97321A9E}.Debug|Any CPU.ActiveCfg = Debug|Any CPU
		{94266669-21A8-4586-85A6-69DD97321A9E}.Debug|Any CPU.Build.0 = Debug|Any CPU
		{94266669-21A8-4586-85A6-69DD97321A9E}.Release|Any CPU.ActiveCfg = Release|Any CPU
		{94266669-21A8-4586-85A6-69DD97321A9E}.Release|Any CPU.Build.0 = Release|Any CPU
	EndGlobalSection
	GlobalSection(SolutionProperties) = preSolution
		HideSolutionNode = FALSE
	EndGlobalSection
EndGlobal
