
Microsoft Visual Studio Solution File, Format Version 12.00
# Visual Studio 15
VisualStudioVersion = 15.0.26730.12
MinimumVisualStudioVersion = 10.0.40219.1
Project("{2150E333-8FDC-42A3-9474-1A3956D46DE8}") = "Client", "Client", "{E7F6DECE-ACDC-480F-A036-C9FDC0605D12}"
EndProject
Project("{FAE04EC0-301F-11D3-BF4B-00C04F79EFBC}") = "Blog.GrenitausConsulting.Client", "..\Client\Blog.GrenitausConsulting.Client.csproj", "{799C980D-7D97-4B87-A1A6-F14B5C4ABC53}"
EndProject
Project("{2150E333-8FDC-42A3-9474-1A3956D46DE8}") = "cli", "cli", "{331C0A68-6315-41A6-9620-0ACC3F0948EC}"
EndProject
Project("{2150E333-8FDC-42A3-9474-1A3956D46DE8}") = "WebApi", "WebApi", "{FA8E9B36-2907-4052-91EC-C7B0D7D200CA}"
EndProject
Project("{9A19103F-16F7-4668-BE54-9A1E7A4F7556}") = "Blog.GrenitausConsulting.Core.Common", "..\Core.WebApi\src\Blog.GrenitausConsulting.Core.Common\Blog.GrenitausConsulting.Core.Common.csproj", "{46928142-77BE-4143-BD0D-81CE83C273EE}"
EndProject
Project("{9A19103F-16F7-4668-BE54-9A1E7A4F7556}") = "Blog.GrenitausConsulting.Core.Domain", "..\Core.WebApi\src\Blog.GrenitausConsulting.Core.Domain\Blog.GrenitausConsulting.Core.Domain.csproj", "{9AA115F6-B649-46FC-86CC-3EC17DE1636C}"
EndProject
Project("{9A19103F-16F7-4668-BE54-9A1E7A4F7556}") = "Blog.GrenitausConsulting.Core.Services", "..\Core.WebApi\src\Blog.GrenitausConsulting.Core.Services\Blog.GrenitausConsulting.Core.Services.csproj", "{0159BAD2-D067-4817-8C4F-6501E61E7304}"
EndProject
Project("{9A19103F-16F7-4668-BE54-9A1E7A4F7556}") = "Blog.GrenitausConsulting.Core.Unit.Tests", "..\Core.WebApi\src\Blog.GrenitausConsulting.Core.Unit.Tests\Blog.GrenitausConsulting.Core.Unit.Tests.csproj", "{AB375017-145C-46E2-B024-72F5DDD36ECB}"
EndProject
Project("{9A19103F-16F7-4668-BE54-9A1E7A4F7556}") = "Blog.GrenitausConsulting.Core.Web.Api", "..\Core.WebApi\src\Blog.GrenitausConsulting.Core.Web.Api\Blog.GrenitausConsulting.Core.Web.Api.csproj", "{B2533214-DBC3-4890-8D22-6386EA172795}"
EndProject
Project("{9A19103F-16F7-4668-BE54-9A1E7A4F7556}") = "Blog.GrenitausConsulting.CLI.Core.Common", "..\Core.cli\src\Blog.GrenitausConsulting.CLI.Core.Common\Blog.GrenitausConsulting.CLI.Core.Common.csproj", "{9EB77084-A517-4726-9C2E-281CAF45ACEA}"
EndProject
Project("{9A19103F-16F7-4668-BE54-9A1E7A4F7556}") = "Blog.GrenitausConsulting.CLI.Core.Domain", "..\Core.cli\src\Blog.GrenitausConsulting.CLI.Core.Domain\Blog.GrenitausConsulting.CLI.Core.Domain.csproj", "{88835657-344D-4BFF-857E-0B683DA2E76A}"
EndProject
Project("{9A19103F-16F7-4668-BE54-9A1E7A4F7556}") = "Blog.GrenitausConsulting.CLI.Core.Services", "..\Core.cli\src\Blog.GrenitausConsulting.CLI.Core.Services\Blog.GrenitausConsulting.CLI.Core.Services.csproj", "{5BB1AFA3-109F-4F23-A6C0-50D73833276F}"
EndProject
Project("{9A19103F-16F7-4668-BE54-9A1E7A4F7556}") = "gc-cli", "..\Core.cli\src\gc-cli\gc-cli.csproj", "{5F98B262-B7A0-43CF-B26B-782362479210}"
EndProject
Global
	GlobalSection(SolutionConfigurationPlatforms) = preSolution
		Debug|Any CPU = Debug|Any CPU
		Release|Any CPU = Release|Any CPU
	EndGlobalSection
	GlobalSection(ProjectConfigurationPlatforms) = postSolution
		{799C980D-7D97-4B87-A1A6-F14B5C4ABC53}.Debug|Any CPU.ActiveCfg = Debug|Any CPU
		{799C980D-7D97-4B87-A1A6-F14B5C4ABC53}.Debug|Any CPU.Build.0 = Debug|Any CPU
		{799C980D-7D97-4B87-A1A6-F14B5C4ABC53}.Release|Any CPU.ActiveCfg = Release|Any CPU
		{799C980D-7D97-4B87-A1A6-F14B5C4ABC53}.Release|Any CPU.Build.0 = Release|Any CPU
		{46928142-77BE-4143-BD0D-81CE83C273EE}.Debug|Any CPU.ActiveCfg = Debug|Any CPU
		{46928142-77BE-4143-BD0D-81CE83C273EE}.Debug|Any CPU.Build.0 = Debug|Any CPU
		{46928142-77BE-4143-BD0D-81CE83C273EE}.Release|Any CPU.ActiveCfg = Release|Any CPU
		{46928142-77BE-4143-BD0D-81CE83C273EE}.Release|Any CPU.Build.0 = Release|Any CPU
		{9AA115F6-B649-46FC-86CC-3EC17DE1636C}.Debug|Any CPU.ActiveCfg = Debug|Any CPU
		{9AA115F6-B649-46FC-86CC-3EC17DE1636C}.Debug|Any CPU.Build.0 = Debug|Any CPU
		{9AA115F6-B649-46FC-86CC-3EC17DE1636C}.Release|Any CPU.ActiveCfg = Release|Any CPU
		{9AA115F6-B649-46FC-86CC-3EC17DE1636C}.Release|Any CPU.Build.0 = Release|Any CPU
		{0159BAD2-D067-4817-8C4F-6501E61E7304}.Debug|Any CPU.ActiveCfg = Debug|Any CPU
		{0159BAD2-D067-4817-8C4F-6501E61E7304}.Debug|Any CPU.Build.0 = Debug|Any CPU
		{0159BAD2-D067-4817-8C4F-6501E61E7304}.Release|Any CPU.ActiveCfg = Release|Any CPU
		{0159BAD2-D067-4817-8C4F-6501E61E7304}.Release|Any CPU.Build.0 = Release|Any CPU
		{AB375017-145C-46E2-B024-72F5DDD36ECB}.Debug|Any CPU.ActiveCfg = Debug|Any CPU
		{AB375017-145C-46E2-B024-72F5DDD36ECB}.Debug|Any CPU.Build.0 = Debug|Any CPU
		{AB375017-145C-46E2-B024-72F5DDD36ECB}.Release|Any CPU.ActiveCfg = Release|Any CPU
		{AB375017-145C-46E2-B024-72F5DDD36ECB}.Release|Any CPU.Build.0 = Release|Any CPU
		{B2533214-DBC3-4890-8D22-6386EA172795}.Debug|Any CPU.ActiveCfg = Debug|Any CPU
		{B2533214-DBC3-4890-8D22-6386EA172795}.Debug|Any CPU.Build.0 = Debug|Any CPU
		{B2533214-DBC3-4890-8D22-6386EA172795}.Release|Any CPU.ActiveCfg = Release|Any CPU
		{B2533214-DBC3-4890-8D22-6386EA172795}.Release|Any CPU.Build.0 = Release|Any CPU
		{9EB77084-A517-4726-9C2E-281CAF45ACEA}.Debug|Any CPU.ActiveCfg = Debug|Any CPU
		{9EB77084-A517-4726-9C2E-281CAF45ACEA}.Debug|Any CPU.Build.0 = Debug|Any CPU
		{9EB77084-A517-4726-9C2E-281CAF45ACEA}.Release|Any CPU.ActiveCfg = Release|Any CPU
		{9EB77084-A517-4726-9C2E-281CAF45ACEA}.Release|Any CPU.Build.0 = Release|Any CPU
		{88835657-344D-4BFF-857E-0B683DA2E76A}.Debug|Any CPU.ActiveCfg = Debug|Any CPU
		{88835657-344D-4BFF-857E-0B683DA2E76A}.Debug|Any CPU.Build.0 = Debug|Any CPU
		{88835657-344D-4BFF-857E-0B683DA2E76A}.Release|Any CPU.ActiveCfg = Release|Any CPU
		{88835657-344D-4BFF-857E-0B683DA2E76A}.Release|Any CPU.Build.0 = Release|Any CPU
		{5BB1AFA3-109F-4F23-A6C0-50D73833276F}.Debug|Any CPU.ActiveCfg = Debug|Any CPU
		{5BB1AFA3-109F-4F23-A6C0-50D73833276F}.Debug|Any CPU.Build.0 = Debug|Any CPU
		{5BB1AFA3-109F-4F23-A6C0-50D73833276F}.Release|Any CPU.ActiveCfg = Release|Any CPU
		{5BB1AFA3-109F-4F23-A6C0-50D73833276F}.Release|Any CPU.Build.0 = Release|Any CPU
		{5F98B262-B7A0-43CF-B26B-782362479210}.Debug|Any CPU.ActiveCfg = Debug|Any CPU
		{5F98B262-B7A0-43CF-B26B-782362479210}.Debug|Any CPU.Build.0 = Debug|Any CPU
		{5F98B262-B7A0-43CF-B26B-782362479210}.Release|Any CPU.ActiveCfg = Release|Any CPU
		{5F98B262-B7A0-43CF-B26B-782362479210}.Release|Any CPU.Build.0 = Release|Any CPU
	EndGlobalSection
	GlobalSection(SolutionProperties) = preSolution
		HideSolutionNode = FALSE
	EndGlobalSection
	GlobalSection(NestedProjects) = preSolution
		{799C980D-7D97-4B87-A1A6-F14B5C4ABC53} = {E7F6DECE-ACDC-480F-A036-C9FDC0605D12}
		{46928142-77BE-4143-BD0D-81CE83C273EE} = {FA8E9B36-2907-4052-91EC-C7B0D7D200CA}
		{9AA115F6-B649-46FC-86CC-3EC17DE1636C} = {FA8E9B36-2907-4052-91EC-C7B0D7D200CA}
		{0159BAD2-D067-4817-8C4F-6501E61E7304} = {FA8E9B36-2907-4052-91EC-C7B0D7D200CA}
		{AB375017-145C-46E2-B024-72F5DDD36ECB} = {FA8E9B36-2907-4052-91EC-C7B0D7D200CA}
		{B2533214-DBC3-4890-8D22-6386EA172795} = {FA8E9B36-2907-4052-91EC-C7B0D7D200CA}
		{9EB77084-A517-4726-9C2E-281CAF45ACEA} = {331C0A68-6315-41A6-9620-0ACC3F0948EC}
		{88835657-344D-4BFF-857E-0B683DA2E76A} = {331C0A68-6315-41A6-9620-0ACC3F0948EC}
		{5BB1AFA3-109F-4F23-A6C0-50D73833276F} = {331C0A68-6315-41A6-9620-0ACC3F0948EC}
		{5F98B262-B7A0-43CF-B26B-782362479210} = {331C0A68-6315-41A6-9620-0ACC3F0948EC}
	EndGlobalSection
	GlobalSection(ExtensibilityGlobals) = postSolution
		SolutionGuid = {D86CD3B2-D6F7-48A8-8D87-16B25C7E0384}
	EndGlobalSection
EndGlobal
