
Microsoft Visual Studio Solution File, Format Version 12.00
# Visual Studio 15
VisualStudioVersion = 15.0.26730.12
MinimumVisualStudioVersion = 10.0.40219.1
Project("{9A19103F-16F7-4668-BE54-9A1E7A4F7556}") = "gc-cli", "gc-cli\gc-cli.csproj", "{86731807-3034-46BC-A469-052FE36F06E7}"
EndProject
Project("{2150E333-8FDC-42A3-9474-1A3956D46DE8}") = "Common", "Common", "{5E13E615-A780-4B59-AC7E-8ABEA44966D1}"
EndProject
Project("{9A19103F-16F7-4668-BE54-9A1E7A4F7556}") = "Blog.GrenitausConsulting.Core.Common", "..\..\Core.WebApi\src\Blog.GrenitausConsulting.Core.Common\Blog.GrenitausConsulting.Core.Common.csproj", "{C6F71D5C-11F1-4288-AE62-FD725DDBB8FB}"
EndProject
Project("{9A19103F-16F7-4668-BE54-9A1E7A4F7556}") = "Blog.GrenitausConsulting.Core.Domain", "..\..\Core.WebApi\src\Blog.GrenitausConsulting.Core.Domain\Blog.GrenitausConsulting.Core.Domain.csproj", "{50D96613-239E-45E7-A1BB-80333542A364}"
EndProject
Project("{FAE04EC0-301F-11D3-BF4B-00C04F79EFBC}") = "Blog.GrenitausConsulting.CLI.Core.Common", "Blog.GrenitausConsulting.CLI.Core.Common\Blog.GrenitausConsulting.CLI.Core.Common.csproj", "{43EDCCD5-201C-4922-B1FE-AEF284DACD10}"
EndProject
Project("{FAE04EC0-301F-11D3-BF4B-00C04F79EFBC}") = "Blog.GrenitausConsulting.CLI.Core.Domain", "Blog.GrenitausConsulting.CLI.Core.Domain\Blog.GrenitausConsulting.CLI.Core.Domain.csproj", "{BD5C50CD-D3AF-4065-AFF2-92E517EB88BB}"
EndProject
Project("{FAE04EC0-301F-11D3-BF4B-00C04F79EFBC}") = "Blog.GrenitausConsulting.CLI.Core.Services", "Blog.GrenitausConsulting.CLI.Core.Services\Blog.GrenitausConsulting.CLI.Core.Services.csproj", "{B83164A2-7DD5-40AC-90BA-12BB80D3AAE5}"
EndProject
Project("{9A19103F-16F7-4668-BE54-9A1E7A4F7556}") = "Blog.GrenitausConsulting.Core.Services", "..\..\Core.WebApi\src\Blog.GrenitausConsulting.Core.Services\Blog.GrenitausConsulting.Core.Services.csproj", "{0FCFA2CD-8020-4B7E-B8B7-D55855D8F848}"
EndProject
Global
	GlobalSection(SolutionConfigurationPlatforms) = preSolution
		Debug|Any CPU = Debug|Any CPU
		Release|Any CPU = Release|Any CPU
	EndGlobalSection
	GlobalSection(ProjectConfigurationPlatforms) = postSolution
		{86731807-3034-46BC-A469-052FE36F06E7}.Debug|Any CPU.ActiveCfg = Debug|Any CPU
		{86731807-3034-46BC-A469-052FE36F06E7}.Debug|Any CPU.Build.0 = Debug|Any CPU
		{86731807-3034-46BC-A469-052FE36F06E7}.Release|Any CPU.ActiveCfg = Release|Any CPU
		{86731807-3034-46BC-A469-052FE36F06E7}.Release|Any CPU.Build.0 = Release|Any CPU
		{C6F71D5C-11F1-4288-AE62-FD725DDBB8FB}.Debug|Any CPU.ActiveCfg = Debug|Any CPU
		{C6F71D5C-11F1-4288-AE62-FD725DDBB8FB}.Debug|Any CPU.Build.0 = Debug|Any CPU
		{C6F71D5C-11F1-4288-AE62-FD725DDBB8FB}.Release|Any CPU.ActiveCfg = Release|Any CPU
		{C6F71D5C-11F1-4288-AE62-FD725DDBB8FB}.Release|Any CPU.Build.0 = Release|Any CPU
		{50D96613-239E-45E7-A1BB-80333542A364}.Debug|Any CPU.ActiveCfg = Debug|Any CPU
		{50D96613-239E-45E7-A1BB-80333542A364}.Debug|Any CPU.Build.0 = Debug|Any CPU
		{50D96613-239E-45E7-A1BB-80333542A364}.Release|Any CPU.ActiveCfg = Release|Any CPU
		{50D96613-239E-45E7-A1BB-80333542A364}.Release|Any CPU.Build.0 = Release|Any CPU
		{43EDCCD5-201C-4922-B1FE-AEF284DACD10}.Debug|Any CPU.ActiveCfg = Debug|Any CPU
		{43EDCCD5-201C-4922-B1FE-AEF284DACD10}.Debug|Any CPU.Build.0 = Debug|Any CPU
		{43EDCCD5-201C-4922-B1FE-AEF284DACD10}.Release|Any CPU.ActiveCfg = Release|Any CPU
		{43EDCCD5-201C-4922-B1FE-AEF284DACD10}.Release|Any CPU.Build.0 = Release|Any CPU
		{BD5C50CD-D3AF-4065-AFF2-92E517EB88BB}.Debug|Any CPU.ActiveCfg = Debug|Any CPU
		{BD5C50CD-D3AF-4065-AFF2-92E517EB88BB}.Debug|Any CPU.Build.0 = Debug|Any CPU
		{BD5C50CD-D3AF-4065-AFF2-92E517EB88BB}.Release|Any CPU.ActiveCfg = Release|Any CPU
		{BD5C50CD-D3AF-4065-AFF2-92E517EB88BB}.Release|Any CPU.Build.0 = Release|Any CPU
		{B83164A2-7DD5-40AC-90BA-12BB80D3AAE5}.Debug|Any CPU.ActiveCfg = Debug|Any CPU
		{B83164A2-7DD5-40AC-90BA-12BB80D3AAE5}.Debug|Any CPU.Build.0 = Debug|Any CPU
		{B83164A2-7DD5-40AC-90BA-12BB80D3AAE5}.Release|Any CPU.ActiveCfg = Release|Any CPU
		{B83164A2-7DD5-40AC-90BA-12BB80D3AAE5}.Release|Any CPU.Build.0 = Release|Any CPU
		{0FCFA2CD-8020-4B7E-B8B7-D55855D8F848}.Debug|Any CPU.ActiveCfg = Debug|Any CPU
		{0FCFA2CD-8020-4B7E-B8B7-D55855D8F848}.Debug|Any CPU.Build.0 = Debug|Any CPU
		{0FCFA2CD-8020-4B7E-B8B7-D55855D8F848}.Release|Any CPU.ActiveCfg = Release|Any CPU
		{0FCFA2CD-8020-4B7E-B8B7-D55855D8F848}.Release|Any CPU.Build.0 = Release|Any CPU
	EndGlobalSection
	GlobalSection(SolutionProperties) = preSolution
		HideSolutionNode = FALSE
	EndGlobalSection
	GlobalSection(NestedProjects) = preSolution
		{C6F71D5C-11F1-4288-AE62-FD725DDBB8FB} = {5E13E615-A780-4B59-AC7E-8ABEA44966D1}
		{50D96613-239E-45E7-A1BB-80333542A364} = {5E13E615-A780-4B59-AC7E-8ABEA44966D1}
		{0FCFA2CD-8020-4B7E-B8B7-D55855D8F848} = {5E13E615-A780-4B59-AC7E-8ABEA44966D1}
	EndGlobalSection
	GlobalSection(ExtensibilityGlobals) = postSolution
		SolutionGuid = {68B1CA7A-396B-42B4-92E2-F6556AC3DFBB}
	EndGlobalSection
EndGlobal
